
Microsoft Visual Studio Solution File, Format Version 12.00
# Visual Studio Version 16
VisualStudioVersion = 16.0.31624.102
MinimumVisualStudioVersion = 10.0.40219.1
Project("{FAE04EC0-301F-11D3-BF4B-00C04F79EFBC}") = "XfIssues.UWP", "XfIssues\XfIssues.UWP\XfIssues.UWP.csproj", "{7EB700D8-42E5-4DC7-875E-866FE175307D}"
EndProject
Project("{FAE04EC0-301F-11D3-BF4B-00C04F79EFBC}") = "XfIssues.Android", "XfIssues\XfIssues.Android\XfIssues.Android.csproj", "{B3E598EF-36DC-43B6-ADF0-0A175C52E48F}"
EndProject
Project("{FAE04EC0-301F-11D3-BF4B-00C04F79EFBC}") = "XfIssues.iOS", "XfIssues\XfIssues.iOS\XfIssues.iOS.csproj", "{26CD9665-3137-4476-A0C9-FF3A2E2D68EB}"
EndProject
Project("{FAE04EC0-301F-11D3-BF4B-00C04F79EFBC}") = "XfIssues", "XfIssues\XfIssues\XfIssues.csproj", "{5A94DAA0-5306-4A41-BC6C-99697B7D2942}"
EndProject
Global
	GlobalSection(SolutionConfigurationPlatforms) = preSolution
		Debug|Any CPU = Debug|Any CPU
		Debug|ARM = Debug|ARM
		Debug|iPhone = Debug|iPhone
		Debug|iPhoneSimulator = Debug|iPhoneSimulator
		Debug|x64 = Debug|x64
		Debug|x86 = Debug|x86
		Release|Any CPU = Release|Any CPU
		Release|ARM = Release|ARM
		Release|iPhone = Release|iPhone
		Release|iPhoneSimulator = Release|iPhoneSimulator
		Release|x64 = Release|x64
		Release|x86 = Release|x86
	EndGlobalSection
	GlobalSection(ProjectConfigurationPlatforms) = postSolution
		{7EB700D8-42E5-4DC7-875E-866FE175307D}.Debug|Any CPU.ActiveCfg = Debug|x86
		{7EB700D8-42E5-4DC7-875E-866FE175307D}.Debug|Any CPU.Build.0 = Debug|x86
		{7EB700D8-42E5-4DC7-875E-866FE175307D}.Debug|Any CPU.Deploy.0 = Debug|x86
		{7EB700D8-42E5-4DC7-875E-866FE175307D}.Debug|ARM.ActiveCfg = Debug|ARM
		{7EB700D8-42E5-4DC7-875E-866FE175307D}.Debug|ARM.Build.0 = Debug|ARM
		{7EB700D8-42E5-4DC7-875E-866FE175307D}.Debug|ARM.Deploy.0 = Debug|ARM
		{7EB700D8-42E5-4DC7-875E-866FE175307D}.Debug|iPhone.ActiveCfg = Debug|x86
		{7EB700D8-42E5-4DC7-875E-866FE175307D}.Debug|iPhone.Build.0 = Debug|x86
		{7EB700D8-42E5-4DC7-875E-866FE175307D}.Debug|iPhone.Deploy.0 = Debug|x86
		{7EB700D8-42E5-4DC7-875E-866FE175307D}.Debug|iPhoneSimulator.ActiveCfg = Debug|x86
		{7EB700D8-42E5-4DC7-875E-866FE175307D}.Debug|iPhoneSimulator.Build.0 = Debug|x86
		{7EB700D8-42E5-4DC7-875E-866FE175307D}.Debug|iPhoneSimulator.Deploy.0 = Debug|x86
		{7EB700D8-42E5-4DC7-875E-866FE175307D}.Debug|x64.ActiveCfg = Debug|x64
		{7EB700D8-42E5-4DC7-875E-866FE175307D}.Debug|x64.Build.0 = Debug|x64
		{7EB700D8-42E5-4DC7-875E-866FE175307D}.Debug|x64.Deploy.0 = Debug|x64
		{7EB700D8-42E5-4DC7-875E-866FE175307D}.Debug|x86.ActiveCfg = Debug|x86
		{7EB700D8-42E5-4DC7-875E-866FE175307D}.Debug|x86.Build.0 = Debug|x86
		{7EB700D8-42E5-4DC7-875E-866FE175307D}.Debug|x86.Deploy.0 = Debug|x86
		{7EB700D8-42E5-4DC7-875E-866FE175307D}.Release|Any CPU.ActiveCfg = Release|x86
		{7EB700D8-42E5-4DC7-875E-866FE175307D}.Release|Any CPU.Build.0 = Release|x86
		{7EB700D8-42E5-4DC7-875E-866FE175307D}.Release|Any CPU.Deploy.0 = Release|x86
		{7EB700D8-42E5-4DC7-875E-866FE175307D}.Release|ARM.ActiveCfg = Release|ARM
		{7EB700D8-42E5-4DC7-875E-866FE175307D}.Release|ARM.Build.0 = Release|ARM
		{7EB700D8-42E5-4DC7-875E-866FE175307D}.Release|ARM.Deploy.0 = Release|ARM
		{7EB700D8-42E5-4DC7-875E-866FE175307D}.Release|iPhone.ActiveCfg = Release|x86
		{7EB700D8-42E5-4DC7-875E-866FE175307D}.Release|iPhone.Build.0 = Release|x86
		{7EB700D8-42E5-4DC7-875E-866FE175307D}.Release|iPhone.Deploy.0 = Release|x86
		{7EB700D8-42E5-4DC7-875E-866FE175307D}.Release|iPhoneSimulator.ActiveCfg = Release|x86
		{7EB700D8-42E5-4DC7-875E-866FE175307D}.Release|iPhoneSimulator.Build.0 = Release|x86
		{7EB700D8-42E5-4DC7-875E-866FE175307D}.Release|iPhoneSimulator.Deploy.0 = Release|x86
		{7EB700D8-42E5-4DC7-875E-866FE175307D}.Release|x64.ActiveCfg = Release|x64
		{7EB700D8-42E5-4DC7-875E-866FE175307D}.Release|x64.Build.0 = Release|x64
		{7EB700D8-42E5-4DC7-875E-866FE175307D}.Release|x64.Deploy.0 = Release|x64
		{7EB700D8-42E5-4DC7-875E-866FE175307D}.Release|x86.ActiveCfg = Release|x86
		{7EB700D8-42E5-4DC7-875E-866FE175307D}.Release|x86.Build.0 = Release|x86
		{7EB700D8-42E5-4DC7-875E-866FE175307D}.Release|x86.Deploy.0 = Release|x86
		{B3E598EF-36DC-43B6-ADF0-0A175C52E48F}.Debug|Any CPU.ActiveCfg = Debug|Any CPU
		{B3E598EF-36DC-43B6-ADF0-0A175C52E48F}.Debug|Any CPU.Build.0 = Debug|Any CPU
		{B3E598EF-36DC-43B6-ADF0-0A175C52E48F}.Debug|Any CPU.Deploy.0 = Debug|Any CPU
		{B3E598EF-36DC-43B6-ADF0-0A175C52E48F}.Debug|ARM.ActiveCfg = Debug|Any CPU
		{B3E598EF-36DC-43B6-ADF0-0A175C52E48F}.Debug|ARM.Build.0 = Debug|Any CPU
		{B3E598EF-36DC-43B6-ADF0-0A175C52E48F}.Debug|ARM.Deploy.0 = Debug|Any CPU
		{B3E598EF-36DC-43B6-ADF0-0A175C52E48F}.Debug|iPhone.ActiveCfg = Debug|Any CPU
		{B3E598EF-36DC-43B6-ADF0-0A175C52E48F}.Debug|iPhone.Build.0 = Debug|Any CPU
		{B3E598EF-36DC-43B6-ADF0-0A175C52E48F}.Debug|iPhone.Deploy.0 = Debug|Any CPU
		{B3E598EF-36DC-43B6-ADF0-0A175C52E48F}.Debug|iPhoneSimulator.ActiveCfg = Debug|Any CPU
		{B3E598EF-36DC-43B6-ADF0-0A175C52E48F}.Debug|iPhoneSimulator.Build.0 = Debug|Any CPU
		{B3E598EF-36DC-43B6-ADF0-0A175C52E48F}.Debug|iPhoneSimulator.Deploy.0 = Debug|Any CPU
		{B3E598EF-36DC-43B6-ADF0-0A175C52E48F}.Debug|x64.ActiveCfg = Debug|Any CPU
		{B3E598EF-36DC-43B6-ADF0-0A175C52E48F}.Debug|x64.Build.0 = Debug|Any CPU
		{B3E598EF-36DC-43B6-ADF0-0A175C52E48F}.Debug|x64.Deploy.0 = Debug|Any CPU
		{B3E598EF-36DC-43B6-ADF0-0A175C52E48F}.Debug|x86.ActiveCfg = Debug|Any CPU
		{B3E598EF-36DC-43B6-ADF0-0A175C52E48F}.Debug|x86.Build.0 = Debug|Any CPU
		{B3E598EF-36DC-43B6-ADF0-0A175C52E48F}.Debug|x86.Deploy.0 = Debug|Any CPU
		{B3E598EF-36DC-43B6-ADF0-0A175C52E48F}.Release|Any CPU.ActiveCfg = Release|Any CPU
		{B3E598EF-36DC-43B6-ADF0-0A175C52E48F}.Release|Any CPU.Build.0 = Release|Any CPU
		{B3E598EF-36DC-43B6-ADF0-0A175C52E48F}.Release|Any CPU.Deploy.0 = Release|Any CPU
		{B3E598EF-36DC-43B6-ADF0-0A175C52E48F}.Release|ARM.ActiveCfg = Release|Any CPU
		{B3E598EF-36DC-43B6-ADF0-0A175C52E48F}.Release|ARM.Build.0 = Release|Any CPU
		{B3E598EF-36DC-43B6-ADF0-0A175C52E48F}.Release|ARM.Deploy.0 = Release|Any CPU
		{B3E598EF-36DC-43B6-ADF0-0A175C52E48F}.Release|iPhone.ActiveCfg = Release|Any CPU
		{B3E598EF-36DC-43B6-ADF0-0A175C52E48F}.Release|iPhone.Build.0 = Release|Any CPU
		{B3E598EF-36DC-43B6-ADF0-0A175C52E48F}.Release|iPhone.Deploy.0 = Release|Any CPU
		{B3E598EF-36DC-43B6-ADF0-0A175C52E48F}.Release|iPhoneSimulator.ActiveCfg = Release|Any CPU
		{B3E598EF-36DC-43B6-ADF0-0A175C52E48F}.Release|iPhoneSimulator.Build.0 = Release|Any CPU
		{B3E598EF-36DC-43B6-ADF0-0A175C52E48F}.Release|iPhoneSimulator.Deploy.0 = Release|Any CPU
		{B3E598EF-36DC-43B6-ADF0-0A175C52E48F}.Release|x64.ActiveCfg = Release|Any CPU
		{B3E598EF-36DC-43B6-ADF0-0A175C52E48F}.Release|x64.Build.0 = Release|Any CPU
		{B3E598EF-36DC-43B6-ADF0-0A175C52E48F}.Release|x64.Deploy.0 = Release|Any CPU
		{B3E598EF-36DC-43B6-ADF0-0A175C52E48F}.Release|x86.ActiveCfg = Release|Any CPU
		{B3E598EF-36DC-43B6-ADF0-0A175C52E48F}.Release|x86.Build.0 = Release|Any CPU
		{B3E598EF-36DC-43B6-ADF0-0A175C52E48F}.Release|x86.Deploy.0 = Release|Any CPU
		{26CD9665-3137-4476-A0C9-FF3A2E2D68EB}.Debug|Any CPU.ActiveCfg = Debug|iPhoneSimulator
		{26CD9665-3137-4476-A0C9-FF3A2E2D68EB}.Debug|Any CPU.Build.0 = Debug|iPhoneSimulator
		{26CD9665-3137-4476-A0C9-FF3A2E2D68EB}.Debug|Any CPU.Deploy.0 = Debug|iPhoneSimulator
		{26CD9665-3137-4476-A0C9-FF3A2E2D68EB}.Debug|ARM.ActiveCfg = Debug|iPhone
		{26CD9665-3137-4476-A0C9-FF3A2E2D68EB}.Debug|ARM.Build.0 = Debug|iPhone
		{26CD9665-3137-4476-A0C9-FF3A2E2D68EB}.Debug|ARM.Deploy.0 = Debug|iPhone
		{26CD9665-3137-4476-A0C9-FF3A2E2D68EB}.Debug|iPhone.ActiveCfg = Debug|iPhone
		{26CD9665-3137-4476-A0C9-FF3A2E2D68EB}.Debug|iPhone.Build.0 = Debug|iPhone
		{26CD9665-3137-4476-A0C9-FF3A2E2D68EB}.Debug|iPhone.Deploy.0 = Debug|iPhone
		{26CD9665-3137-4476-A0C9-FF3A2E2D68EB}.Debug|iPhoneSimulator.ActiveCfg = Debug|iPhoneSimulator
		{26CD9665-3137-4476-A0C9-FF3A2E2D68EB}.Debug|iPhoneSimulator.Build.0 = Debug|iPhoneSimulator
		{26CD9665-3137-4476-A0C9-FF3A2E2D68EB}.Debug|iPhoneSimulator.Deploy.0 = Debug|iPhoneSimulator
		{26CD9665-3137-4476-A0C9-FF3A2E2D68EB}.Debug|x64.ActiveCfg = Debug|iPhoneSimulator
		{26CD9665-3137-4476-A0C9-FF3A2E2D68EB}.Debug|x64.Build.0 = Debug|iPhoneSimulator
		{26CD9665-3137-4476-A0C9-FF3A2E2D68EB}.Debug|x64.Deploy.0 = Debug|iPhoneSimulator
		{26CD9665-3137-4476-A0C9-FF3A2E2D68EB}.Debug|x86.ActiveCfg = Debug|iPhoneSimulator
		{26CD9665-3137-4476-A0C9-FF3A2E2D68EB}.Debug|x86.Build.0 = Debug|iPhoneSimulator
		{26CD9665-3137-4476-A0C9-FF3A2E2D68EB}.Debug|x86.Deploy.0 = Debug|iPhoneSimulator
		{26CD9665-3137-4476-A0C9-FF3A2E2D68EB}.Release|Any CPU.ActiveCfg = Release|iPhoneSimulator
		{26CD9665-3137-4476-A0C9-FF3A2E2D68EB}.Release|Any CPU.Build.0 = Release|iPhoneSimulator
		{26CD9665-3137-4476-A0C9-FF3A2E2D68EB}.Release|Any CPU.Deploy.0 = Release|iPhoneSimulator
		{26CD9665-3137-4476-A0C9-FF3A2E2D68EB}.Release|ARM.ActiveCfg = Release|iPhoneSimulator
		{26CD9665-3137-4476-A0C9-FF3A2E2D68EB}.Release|ARM.Build.0 = Release|iPhoneSimulator
		{26CD9665-3137-4476-A0C9-FF3A2E2D68EB}.Release|ARM.Deploy.0 = Release|iPhoneSimulator
		{26CD9665-3137-4476-A0C9-FF3A2E2D68EB}.Release|iPhone.ActiveCfg = Release|iPhone
		{26CD9665-3137-4476-A0C9-FF3A2E2D68EB}.Release|iPhone.Build.0 = Release|iPhone
		{26CD9665-3137-4476-A0C9-FF3A2E2D68EB}.Release|iPhone.Deploy.0 = Release|iPhone
		{26CD9665-3137-4476-A0C9-FF3A2E2D68EB}.Release|iPhoneSimulator.ActiveCfg = Release|iPhoneSimulator
		{26CD9665-3137-4476-A0C9-FF3A2E2D68EB}.Release|iPhoneSimulator.Build.0 = Release|iPhoneSimulator
		{26CD9665-3137-4476-A0C9-FF3A2E2D68EB}.Release|iPhoneSimulator.Deploy.0 = Release|iPhoneSimulator
		{26CD9665-3137-4476-A0C9-FF3A2E2D68EB}.Release|x64.ActiveCfg = Release|iPhoneSimulator
		{26CD9665-3137-4476-A0C9-FF3A2E2D68EB}.Release|x64.Build.0 = Release|iPhoneSimulator
		{26CD9665-3137-4476-A0C9-FF3A2E2D68EB}.Release|x64.Deploy.0 = Release|iPhoneSimulator
		{26CD9665-3137-4476-A0C9-FF3A2E2D68EB}.Release|x86.ActiveCfg = Release|iPhoneSimulator
		{26CD9665-3137-4476-A0C9-FF3A2E2D68EB}.Release|x86.Build.0 = Release|iPhoneSimulator
		{26CD9665-3137-4476-A0C9-FF3A2E2D68EB}.Release|x86.Deploy.0 = Release|iPhoneSimulator
		{5A94DAA0-5306-4A41-BC6C-99697B7D2942}.Debug|Any CPU.ActiveCfg = Debug|Any CPU
		{5A94DAA0-5306-4A41-BC6C-99697B7D2942}.Debug|Any CPU.Build.0 = Debug|Any CPU
		{5A94DAA0-5306-4A41-BC6C-99697B7D2942}.Debug|Any CPU.Deploy.0 = Debug|Any CPU
		{5A94DAA0-5306-4A41-BC6C-99697B7D2942}.Debug|ARM.ActiveCfg = Debug|Any CPU
		{5A94DAA0-5306-4A41-BC6C-99697B7D2942}.Debug|ARM.Build.0 = Debug|Any CPU
		{5A94DAA0-5306-4A41-BC6C-99697B7D2942}.Debug|ARM.Deploy.0 = Debug|Any CPU
		{5A94DAA0-5306-4A41-BC6C-99697B7D2942}.Debug|iPhone.ActiveCfg = Debug|Any CPU
		{5A94DAA0-5306-4A41-BC6C-99697B7D2942}.Debug|iPhone.Build.0 = Debug|Any CPU
		{5A94DAA0-5306-4A41-BC6C-99697B7D2942}.Debug|iPhone.Deploy.0 = Debug|Any CPU
		{5A94DAA0-5306-4A41-BC6C-99697B7D2942}.Debug|iPhoneSimulator.ActiveCfg = Debug|Any CPU
		{5A94DAA0-5306-4A41-BC6C-99697B7D2942}.Debug|iPhoneSimulator.Build.0 = Debug|Any CPU
		{5A94DAA0-5306-4A41-BC6C-99697B7D2942}.Debug|iPhoneSimulator.Deploy.0 = Debug|Any CPU
		{5A94DAA0-5306-4A41-BC6C-99697B7D2942}.Debug|x64.ActiveCfg = Debug|Any CPU
		{5A94DAA0-5306-4A41-BC6C-99697B7D2942}.Debug|x64.Build.0 = Debug|Any CPU
		{5A94DAA0-5306-4A41-BC6C-99697B7D2942}.Debug|x64.Deploy.0 = Debug|Any CPU
		{5A94DAA0-5306-4A41-BC6C-99697B7D2942}.Debug|x86.ActiveCfg = Debug|Any CPU
		{5A94DAA0-5306-4A41-BC6C-99697B7D2942}.Debug|x86.Build.0 = Debug|Any CPU
		{5A94DAA0-5306-4A41-BC6C-99697B7D2942}.Debug|x86.Deploy.0 = Debug|Any CPU
		{5A94DAA0-5306-4A41-BC6C-99697B7D2942}.Release|Any CPU.ActiveCfg = Release|Any CPU
		{5A94DAA0-5306-4A41-BC6C-99697B7D2942}.Release|Any CPU.Build.0 = Release|Any CPU
		{5A94DAA0-5306-4A41-BC6C-99697B7D2942}.Release|Any CPU.Deploy.0 = Release|Any CPU
		{5A94DAA0-5306-4A41-BC6C-99697B7D2942}.Release|ARM.ActiveCfg = Release|Any CPU
		{5A94DAA0-5306-4A41-BC6C-99697B7D2942}.Release|ARM.Build.0 = Release|Any CPU
		{5A94DAA0-5306-4A41-BC6C-99697B7D2942}.Release|ARM.Deploy.0 = Release|Any CPU
		{5A94DAA0-5306-4A41-BC6C-99697B7D2942}.Release|iPhone.ActiveCfg = Release|Any CPU
		{5A94DAA0-5306-4A41-BC6C-99697B7D2942}.Release|iPhone.Build.0 = Release|Any CPU
		{5A94DAA0-5306-4A41-BC6C-99697B7D2942}.Release|iPhone.Deploy.0 = Release|Any CPU
		{5A94DAA0-5306-4A41-BC6C-99697B7D2942}.Release|iPhoneSimulator.ActiveCfg = Release|Any CPU
		{5A94DAA0-5306-4A41-BC6C-99697B7D2942}.Release|iPhoneSimulator.Build.0 = Release|Any CPU
		{5A94DAA0-5306-4A41-BC6C-99697B7D2942}.Release|iPhoneSimulator.Deploy.0 = Release|Any CPU
		{5A94DAA0-5306-4A41-BC6C-99697B7D2942}.Release|x64.ActiveCfg = Release|Any CPU
		{5A94DAA0-5306-4A41-BC6C-99697B7D2942}.Release|x64.Build.0 = Release|Any CPU
		{5A94DAA0-5306-4A41-BC6C-99697B7D2942}.Release|x64.Deploy.0 = Release|Any CPU
		{5A94DAA0-5306-4A41-BC6C-99697B7D2942}.Release|x86.ActiveCfg = Release|Any CPU
		{5A94DAA0-5306-4A41-BC6C-99697B7D2942}.Release|x86.Build.0 = Release|Any CPU
		{5A94DAA0-5306-4A41-BC6C-99697B7D2942}.Release|x86.Deploy.0 = Release|Any CPU
	EndGlobalSection
	GlobalSection(SolutionProperties) = preSolution
		HideSolutionNode = FALSE
	EndGlobalSection
	GlobalSection(ExtensibilityGlobals) = postSolution
		SolutionGuid = {CB3CA4E7-E936-4865-AB7D-3A0B58376F19}
	EndGlobalSection
EndGlobal
